
Microsoft Visual Studio Solution File, Format Version 12.00
# Visual Studio Version 17
VisualStudioVersion = 17.0.31919.166
MinimumVisualStudioVersion = 10.0.40219.1
Project("{FAE04EC0-301F-11D3-BF4B-00C04F79EFBC}") = "ContosoCraftss", "ContosoCraftss\ContosoCraftss.csproj", "{AA30CE45-25A0-4C0E-BFFE-C47CB03AAADC}"
EndProject
Global
	GlobalSection(SolutionConfigurationPlatforms) = preSolution
		Debug|Any CPU = Debug|Any CPU
		Release|Any CPU = Release|Any CPU
	EndGlobalSection
	GlobalSection(ProjectConfigurationPlatforms) = postSolution
		{AA30CE45-25A0-4C0E-BFFE-C47CB03AAADC}.Debug|Any CPU.ActiveCfg = Debug|Any CPU
		{AA30CE45-25A0-4C0E-BFFE-C47CB03AAADC}.Debug|Any CPU.Build.0 = Debug|Any CPU
		{AA30CE45-25A0-4C0E-BFFE-C47CB03AAADC}.Release|Any CPU.ActiveCfg = Release|Any CPU
		{AA30CE45-25A0-4C0E-BFFE-C47CB03AAADC}.Release|Any CPU.Build.0 = Release|Any CPU
	EndGlobalSection
	GlobalSection(SolutionProperties) = preSolution
		HideSolutionNode = FALSE
	EndGlobalSection
	GlobalSection(ExtensibilityGlobals) = postSolution
		SolutionGuid = {16EDAA5F-13B0-4E0C-B5AA-FC8753D5568A}
	EndGlobalSection
EndGlobal
